// !$*UTF8*$!
{
	archiveVersion = 1;
	classes = {
	};
	objectVersion = 48;
	objects = {

/* Begin PBXBuildFile section */
		B5F217A521448941006085BC /* AppDelegate.swift in Sources */ = {isa = PBXBuildFile; fileRef = B5F217A421448941006085BC /* AppDelegate.swift */; };
		B5F217A721448941006085BC /* ViewController.swift in Sources */ = {isa = PBXBuildFile; fileRef = B5F217A621448941006085BC /* ViewController.swift */; };
		B5F217AA21448941006085BC /* Main.storyboard in Resources */ = {isa = PBXBuildFile; fileRef = B5F217A821448941006085BC /* Main.storyboard */; };
		B5F217AC21448941006085BC /* Assets.xcassets in Resources */ = {isa = PBXBuildFile; fileRef = B5F217AB21448941006085BC /* Assets.xcassets */; };
		B5F217AF21448941006085BC /* LaunchScreen.storyboard in Resources */ = {isa = PBXBuildFile; fileRef = B5F217AD21448941006085BC /* LaunchScreen.storyboard */; };
		B5F217B72144898A006085BC /* Extension+UITextField.swift in Sources */ = {isa = PBXBuildFile; fileRef = B5F217B62144898A006085BC /* Extension+UITextField.swift */; };
		EE1DA16A9E636A41E8F00BD2 /* libPods-FamilyAssets.a in Frameworks */ = {isa = PBXBuildFile; fileRef = DFA0F3D29CCED849EA09519F /* libPods-FamilyAssets.a */; };
/* End PBXBuildFile section */

/* Begin PBXFileReference section */
		10C4A9527B1DF6BA11552624 /* Pods-FamilyAssets.debug.xcconfig */ = {isa = PBXFileReference; includeInIndex = 1; lastKnownFileType = text.xcconfig; name = "Pods-FamilyAssets.debug.xcconfig"; path = "Pods/Target Support Files/Pods-FamilyAssets/Pods-FamilyAssets.debug.xcconfig"; sourceTree = "<group>"; };
		26B0DB6E26C711E73CD98898 /* Pods-FamilyAssets.release.xcconfig */ = {isa = PBXFileReference; includeInIndex = 1; lastKnownFileType = text.xcconfig; name = "Pods-FamilyAssets.release.xcconfig"; path = "Pods/Target Support Files/Pods-FamilyAssets/Pods-FamilyAssets.release.xcconfig"; sourceTree = "<group>"; };
		B5F217A121448941006085BC /* FamilyAssets.app */ = {isa = PBXFileReference; explicitFileType = wrapper.application; includeInIndex = 0; path = FamilyAssets.app; sourceTree = BUILT_PRODUCTS_DIR; };
		B5F217A421448941006085BC /* AppDelegate.swift */ = {isa = PBXFileReference; lastKnownFileType = sourcecode.swift; path = AppDelegate.swift; sourceTree = "<group>"; };
		B5F217A621448941006085BC /* ViewController.swift */ = {isa = PBXFileReference; lastKnownFileType = sourcecode.swift; path = ViewController.swift; sourceTree = "<group>"; };
		B5F217A921448941006085BC /* Base */ = {isa = PBXFileReference; lastKnownFileType = file.storyboard; name = Base; path = Base.lproj/Main.storyboard; sourceTree = "<group>"; };
		B5F217AB21448941006085BC /* Assets.xcassets */ = {isa = PBXFileReference; lastKnownFileType = folder.assetcatalog; path = Assets.xcassets; sourceTree = "<group>"; };
		B5F217AE21448941006085BC /* Base */ = {isa = PBXFileReference; lastKnownFileType = file.storyboard; name = Base; path = Base.lproj/LaunchScreen.storyboard; sourceTree = "<group>"; };
		B5F217B021448941006085BC /* Info.plist */ = {isa = PBXFileReference; lastKnownFileType = text.plist.xml; path = Info.plist; sourceTree = "<group>"; };
		B5F217B62144898A006085BC /* Extension+UITextField.swift */ = {isa = PBXFileReference; lastKnownFileType = sourcecode.swift; path = "Extension+UITextField.swift"; sourceTree = "<group>"; };
		DFA0F3D29CCED849EA09519F /* libPods-FamilyAssets.a */ = {isa = PBXFileReference; explicitFileType = archive.ar; includeInIndex = 0; path = "libPods-FamilyAssets.a"; sourceTree = BUILT_PRODUCTS_DIR; };
/* End PBXFileReference section */

/* Begin PBXFrameworksBuildPhase section */
		B5F2179E21448941006085BC /* Frameworks */ = {
			isa = PBXFrameworksBuildPhase;
			buildActionMask = 2147483647;
			files = (
				EE1DA16A9E636A41E8F00BD2 /* libPods-FamilyAssets.a in Frameworks */,
			);
			runOnlyForDeploymentPostprocessing = 0;
		};
/* End PBXFrameworksBuildPhase section */

/* Begin PBXGroup section */
		1772C1D30D9D93AD773E7E5C /* Frameworks */ = {
			isa = PBXGroup;
			children = (
				DFA0F3D29CCED849EA09519F /* libPods-FamilyAssets.a */,
			);
			name = Frameworks;
			sourceTree = "<group>";
		};
		5BB1EDAF316343D2576E6749 /* Pods */ = {
			isa = PBXGroup;
			children = (
				10C4A9527B1DF6BA11552624 /* Pods-FamilyAssets.debug.xcconfig */,
				26B0DB6E26C711E73CD98898 /* Pods-FamilyAssets.release.xcconfig */,
			);
			name = Pods;
			sourceTree = "<group>";
		};
		B5F2179821448941006085BC = {
			isa = PBXGroup;
			children = (
				B5F217A321448941006085BC /* FamilyAssets */,
				B5F217A221448941006085BC /* Products */,
				5BB1EDAF316343D2576E6749 /* Pods */,
				1772C1D30D9D93AD773E7E5C /* Frameworks */,
			);
			sourceTree = "<group>";
		};
		B5F217A221448941006085BC /* Products */ = {
			isa = PBXGroup;
			children = (
				B5F217A121448941006085BC /* FamilyAssets.app */,
			);
			name = Products;
			sourceTree = "<group>";
		};
		B5F217A321448941006085BC /* FamilyAssets */ = {
			isa = PBXGroup;
			children = (
				B5F217A421448941006085BC /* AppDelegate.swift */,
				B5F217A621448941006085BC /* ViewController.swift */,
				B5F217B62144898A006085BC /* Extension+UITextField.swift */,
				B5F217A821448941006085BC /* Main.storyboard */,
				B5F217AB21448941006085BC /* Assets.xcassets */,
				B5F217AD21448941006085BC /* LaunchScreen.storyboard */,
				B5F217B021448941006085BC /* Info.plist */,
			);
			path = FamilyAssets;
			sourceTree = "<group>";
		};
/* End PBXGroup section */

/* Begin PBXNativeTarget section */
		B5F217A021448941006085BC /* FamilyAssets */ = {
			isa = PBXNativeTarget;
			buildConfigurationList = B5F217B321448941006085BC /* Build configuration list for PBXNativeTarget "FamilyAssets" */;
			buildPhases = (
				BDD6443F30263697C19D3FF1 /* [CP] Check Pods Manifest.lock */,
				B5F2179D21448941006085BC /* Sources */,
				B5F2179E21448941006085BC /* Frameworks */,
				B5F2179F21448941006085BC /* Resources */,
				397409CC3FF31F90488A6A75 /* [CP] Copy Pods Resources */,
			);
			buildRules = (
			);
			dependencies = (
			);
			name = FamilyAssets;
			productName = FamilyAssets;
			productReference = B5F217A121448941006085BC /* FamilyAssets.app */;
			productType = "com.apple.product-type.application";
		};
/* End PBXNativeTarget section */

/* Begin PBXProject section */
		B5F2179921448941006085BC /* Project object */ = {
			isa = PBXProject;
			attributes = {
				LastSwiftUpdateCheck = 0920;
				LastUpgradeCheck = 0920;
				ORGANIZATIONNAME = FJ;
				TargetAttributes = {
					B5F217A021448941006085BC = {
						CreatedOnToolsVersion = 9.2;
						ProvisioningStyle = Automatic;
					};
				};
			};
			buildConfigurationList = B5F2179C21448941006085BC /* Build configuration list for PBXProject "FamilyAssets" */;
			compatibilityVersion = "Xcode 8.0";
			developmentRegion = en;
			hasScannedForEncodings = 0;
			knownRegions = (
				en,
				Base,
			);
			mainGroup = B5F2179821448941006085BC;
			productRefGroup = B5F217A221448941006085BC /* Products */;
			projectDirPath = "";
			projectRoot = "";
			targets = (
				B5F217A021448941006085BC /* FamilyAssets */,
			);
		};
/* End PBXProject section */

/* Begin PBXResourcesBuildPhase section */
		B5F2179F21448941006085BC /* Resources */ = {
			isa = PBXResourcesBuildPhase;
			buildActionMask = 2147483647;
			files = (
				B5F217AF21448941006085BC /* LaunchScreen.storyboard in Resources */,
				B5F217AC21448941006085BC /* Assets.xcassets in Resources */,
				B5F217AA21448941006085BC /* Main.storyboard in Resources */,
			);
			runOnlyForDeploymentPostprocessing = 0;
		};
/* End PBXResourcesBuildPhase section */

/* Begin PBXShellScriptBuildPhase section */
		397409CC3FF31F90488A6A75 /* [CP] Copy Pods Resources */ = {
			isa = PBXShellScriptBuildPhase;
			buildActionMask = 2147483647;
			files = (
			);
			inputFileListPaths = (
			);
			inputPaths = (
				"${SRCROOT}/Pods/Target Support Files/Pods-FamilyAssets/Pods-FamilyAssets-resources.sh",
				"${PODS_ROOT}/IQKeyboardManagerSwift/IQKeyboardManagerSwift/Resources/IQKeyboardManager.bundle",
			);
			name = "[CP] Copy Pods Resources";
			outputFileListPaths = (
			);
			outputPaths = (
				"${TARGET_BUILD_DIR}/${UNLOCALIZED_RESOURCES_FOLDER_PATH}/IQKeyboardManager.bundle",
			);
			runOnlyForDeploymentPostprocessing = 0;
			shellPath = /bin/sh;
			shellScript = "\"${SRCROOT}/Pods/Target Support Files/Pods-FamilyAssets/Pods-FamilyAssets-resources.sh\"\n";
			showEnvVarsInLog = 0;
		};
		BDD6443F30263697C19D3FF1 /* [CP] Check Pods Manifest.lock */ = {
			isa = PBXShellScriptBuildPhase;
			buildActionMask = 2147483647;
			files = (
			);
			inputFileListPaths = (
			);
			inputPaths = (
				"${PODS_PODFILE_DIR_PATH}/Podfile.lock",
				"${PODS_ROOT}/Manifest.lock",
			);
			name = "[CP] Check Pods Manifest.lock";
			outputFileListPaths = (
			);
			outputPaths = (
				"$(DERIVED_FILE_DIR)/Pods-FamilyAssets-checkManifestLockResult.txt",
			);
			runOnlyForDeploymentPostprocessing = 0;
			shellPath = /bin/sh;
			shellScript = "diff \"${PODS_PODFILE_DIR_PATH}/Podfile.lock\" \"${PODS_ROOT}/Manifest.lock\" > /dev/null\nif [ $? != 0 ] ; then\n    # print error to STDERR\n    echo \"error: The sandbox is not in sync with the Podfile.lock. Run 'pod install' or update your CocoaPods installation.\" >&2\n    exit 1\nfi\n# This output is used by Xcode 'outputs' to avoid re-running this script phase.\necho \"SUCCESS\" > \"${SCRIPT_OUTPUT_FILE_0}\"\n";
			showEnvVarsInLog = 0;
		};
/* End PBXShellScriptBuildPhase section */

/* Begin PBXSourcesBuildPhase section */
		B5F2179D21448941006085BC /* Sources */ = {
			isa = PBXSourcesBuildPhase;
			buildActionMask = 2147483647;
			files = (
				B5F217A721448941006085BC /* ViewController.swift in Sources */,
				B5F217B72144898A006085BC /* Extension+UITextField.swift in Sources */,
				B5F217A521448941006085BC /* AppDelegate.swift in Sources */,
			);
			runOnlyForDeploymentPostprocessing = 0;
		};
/* End PBXSourcesBuildPhase section */

/* Begin PBXVariantGroup section */
		B5F217A821448941006085BC /* Main.storyboard */ = {
			isa = PBXVariantGroup;
			children = (
				B5F217A921448941006085BC /* Base */,
			);
			name = Main.storyboard;
			sourceTree = "<group>";
		};
		B5F217AD21448941006085BC /* LaunchScreen.storyboard */ = {
			isa = PBXVariantGroup;
			children = (
				B5F217AE21448941006085BC /* Base */,
			);
			name = LaunchScreen.storyboard;
			sourceTree = "<group>";
		};
/* End PBXVariantGroup section */

/* Begin XCBuildConfiguration section */
		B5F217B121448941006085BC /* Debug */ = {
			isa = XCBuildConfiguration;
			buildSettings = {
				ALWAYS_SEARCH_USER_PATHS = NO;
				CLANG_ANALYZER_NONNULL = YES;
				CLANG_ANALYZER_NUMBER_OBJECT_CONVERSION = YES_AGGRESSIVE;
				CLANG_CXX_LANGUAGE_STANDARD = "gnu++14";
				CLANG_CXX_LIBRARY = "libc++";
				CLANG_ENABLE_MODULES = YES;
				CLANG_ENABLE_OBJC_ARC = YES;
				CLANG_WARN_BLOCK_CAPTURE_AUTORELEASING = YES;
				CLANG_WARN_BOOL_CONVERSION = YES;
				CLANG_WARN_COMMA = YES;
				CLANG_WARN_CONSTANT_CONVERSION = YES;
				CLANG_WARN_DIRECT_OBJC_ISA_USAGE = YES_ERROR;
				CLANG_WARN_DOCUMENTATION_COMMENTS = YES;
				CLANG_WARN_EMPTY_BODY = YES;
				CLANG_WARN_ENUM_CONVERSION = YES;
				CLANG_WARN_INFINITE_RECURSION = YES;
				CLANG_WARN_INT_CONVERSION = YES;
				CLANG_WARN_NON_LITERAL_NULL_CONVERSION = YES;
				CLANG_WARN_OBJC_LITERAL_CONVERSION = YES;
				CLANG_WARN_OBJC_ROOT_CLASS = YES_ERROR;
				CLANG_WARN_RANGE_LOOP_ANALYSIS = YES;
				CLANG_WARN_STRICT_PROTOTYPES = YES;
				CLANG_WARN_SUSPICIOUS_MOVE = YES;
				CLANG_WARN_UNGUARDED_AVAILABILITY = YES_AGGRESSIVE;
				CLANG_WARN_UNREACHABLE_CODE = YES;
				CLANG_WARN__DUPLICATE_METHOD_MATCH = YES;
				CODE_SIGN_IDENTITY = "iPhone Developer";
				COPY_PHASE_STRIP = NO;
				DEBUG_INFORMATION_FORMAT = dwarf;
				ENABLE_STRICT_OBJC_MSGSEND = YES;
				ENABLE_TESTABILITY = YES;
				GCC_C_LANGUAGE_STANDARD = gnu11;
				GCC_DYNAMIC_NO_PIC = NO;
				GCC_NO_COMMON_BLOCKS = YES;
				GCC_OPTIMIZATION_LEVEL = 0;
				GCC_PREPROCESSOR_DEFINITIONS = (
					"DEBUG=1",
					"$(inherited)",
				);
				GCC_WARN_64_TO_32_BIT_CONVERSION = YES;
				GCC_WARN_ABOUT_RETURN_TYPE = YES_ERROR;
				GCC_WARN_UNDECLARED_SELECTOR = YES;
				GCC_WARN_UNINITIALIZED_AUTOS = YES_AGGRESSIVE;
				GCC_WARN_UNUSED_FUNCTION = YES;
				GCC_WARN_UNUSED_VARIABLE = YES;
				IPHONEOS_DEPLOYMENT_TARGET = 11.2;
				MTL_ENABLE_DEBUG_INFO = YES;
				ONLY_ACTIVE_ARCH = YES;
				SDKROOT = iphoneos;
				SWIFT_ACTIVE_COMPILATION_CONDITIONS = DEBUG;
				SWIFT_OPTIMIZATION_LEVEL = "-Onone";
			};
			name = Debug;
		};
		B5F217B221448941006085BC /* Release */ = {
			isa = XCBuildConfiguration;
			buildSettings = {
				ALWAYS_SEARCH_USER_PATHS = NO;
				CLANG_ANALYZER_NONNULL = YES;
				CLANG_ANALYZER_NUMBER_OBJECT_CONVERSION = YES_AGGRESSIVE;
				CLANG_CXX_LANGUAGE_STANDARD = "gnu++14";
				CLANG_CXX_LIBRARY = "libc++";
				CLANG_ENABLE_MODULES = YES;
				CLANG_ENABLE_OBJC_ARC = YES;
				CLANG_WARN_BLOCK_CAPTURE_AUTORELEASING = YES;
				CLANG_WARN_BOOL_CONVERSION = YES;
				CLANG_WARN_COMMA = YES;
				CLANG_WARN_CONSTANT_CONVERSION = YES;
				CLANG_WARN_DIRECT_OBJC_ISA_USAGE = YES_ERROR;
				CLANG_WARN_DOCUMENTATION_COMMENTS = YES;
				CLANG_WARN_EMPTY_BODY = YES;
				CLANG_WARN_ENUM_CONVERSION = YES;
				CLANG_WARN_INFINITE_RECURSION = YES;
				CLANG_WARN_INT_CONVERSION = YES;
				CLANG_WARN_NON_LITERAL_NULL_CONVERSION = YES;
				CLANG_WARN_OBJC_LITERAL_CONVERSION = YES;
				CLANG_WARN_OBJC_ROOT_CLASS = YES_ERROR;
				CLANG_WARN_RANGE_LOOP_ANALYSIS = YES;
				CLANG_WARN_STRICT_PROTOTYPES = YES;
				CLANG_WARN_SUSPICIOUS_MOVE = YES;
				CLANG_WARN_UNGUARDED_AVAILABILITY = YES_AGGRESSIVE;
				CLANG_WARN_UNREACHABLE_CODE = YES;
				CLANG_WARN__DUPLICATE_METHOD_MATCH = YES;
				CODE_SIGN_IDENTITY = "iPhone Developer";
				COPY_PHASE_STRIP = NO;
				DEBUG_INFORMATION_FORMAT = "dwarf-with-dsym";
				ENABLE_NS_ASSERTIONS = NO;
				ENABLE_STRICT_OBJC_MSGSEND = YES;
				GCC_C_LANGUAGE_STANDARD = gnu11;
				GCC_NO_COMMON_BLOCKS = YES;
				GCC_WARN_64_TO_32_BIT_CONVERSION = YES;
				GCC_WARN_ABOUT_RETURN_TYPE = YES_ERROR;
				GCC_WARN_UNDECLARED_SELECTOR = YES;
				GCC_WARN_UNINITIALIZED_AUTOS = YES_AGGRESSIVE;
				GCC_WARN_UNUSED_FUNCTION = YES;
				GCC_WARN_UNUSED_VARIABLE = YES;
				IPHONEOS_DEPLOYMENT_TARGET = 11.2;
				MTL_ENABLE_DEBUG_INFO = NO;
				SDKROOT = iphoneos;
				SWIFT_OPTIMIZATION_LEVEL = "-Owholemodule";
				VALIDATE_PRODUCT = YES;
			};
			name = Release;
		};
		B5F217B421448941006085BC /* Debug */ = {
			isa = XCBuildConfiguration;
			baseConfigurationReference = 10C4A9527B1DF6BA11552624 /* Pods-FamilyAssets.debug.xcconfig */;
			buildSettings = {
				ASSETCATALOG_COMPILER_APPICON_NAME = AppIcon;
				CODE_SIGN_STYLE = Automatic;
				INFOPLIST_FILE = FamilyAssets/Info.plist;
				LD_RUNPATH_SEARCH_PATHS = "$(inherited) @executable_path/Frameworks";
				PRODUCT_BUNDLE_IDENTIFIER = com.FJ.FamilyAssets;
				PRODUCT_NAME = "$(TARGET_NAME)";
				SWIFT_VERSION = 4.0;
				TARGETED_DEVICE_FAMILY = "1,2";
			};
			name = Debug;
		};
		B5F217B521448941006085BC /* Release */ = {
			isa = XCBuildConfiguration;
			baseConfigurationReference = 26B0DB6E26C711E73CD98898 /* Pods-FamilyAssets.release.xcconfig */;
			buildSettings = {
				ASSETCATALOG_COMPILER_APPICON_NAME = AppIcon;
				CODE_SIGN_STYLE = Automatic;
				INFOPLIST_FILE = FamilyAssets/Info.plist;
				LD_RUNPATH_SEARCH_PATHS = "$(inherited) @executable_path/Frameworks";
				PRODUCT_BUNDLE_IDENTIFIER = com.FJ.FamilyAssets;
				PRODUCT_NAME = "$(TARGET_NAME)";
				SWIFT_VERSION = 4.0;
				TARGETED_DEVICE_FAMILY = "1,2";
			};
			name = Release;
		};
/* End XCBuildConfiguration section */

/* Begin XCConfigurationList section */
		B5F2179C21448941006085BC /* Build configuration list for PBXProject "FamilyAssets" */ = {
			isa = XCConfigurationList;
			buildConfigurations = (
				B5F217B121448941006085BC /* Debug */,
				B5F217B221448941006085BC /* Release */,
			);
			defaultConfigurationIsVisible = 0;
			defaultConfigurationName = Release;
		};
		B5F217B321448941006085BC /* Build configuration list for PBXNativeTarget "FamilyAssets" */ = {
			isa = XCConfigurationList;
			buildConfigurations = (
				B5F217B421448941006085BC /* Debug */,
				B5F217B521448941006085BC /* Release */,
			);
			defaultConfigurationIsVisible = 0;
			defaultConfigurationName = Release;
		};
/* End XCConfigurationList section */
	};
	rootObject = B5F2179921448941006085BC /* Project object */;
}
